
Microsoft Visual Studio Solution File, Format Version 12.00
# Visual Studio Version 16
VisualStudioVersion = 16.0.32228.343
MinimumVisualStudioVersion = 10.0.40219.1
Project("{FAE04EC0-301F-11D3-BF4B-00C04F79EFBC}") = "Parqueadero", "Parqueadero\Parqueadero.csproj", "{5F4249C6-76B9-4C5E-9C8B-3DE32568A7A5}"
EndProject
Global
	GlobalSection(SolutionConfigurationPlatforms) = preSolution
		Debug|Any CPU = Debug|Any CPU
		Release|Any CPU = Release|Any CPU
	EndGlobalSection
	GlobalSection(ProjectConfigurationPlatforms) = postSolution
		{5F4249C6-76B9-4C5E-9C8B-3DE32568A7A5}.Debug|Any CPU.ActiveCfg = Debug|Any CPU
		{5F4249C6-76B9-4C5E-9C8B-3DE32568A7A5}.Debug|Any CPU.Build.0 = Debug|Any CPU
		{5F4249C6-76B9-4C5E-9C8B-3DE32568A7A5}.Release|Any CPU.ActiveCfg = Release|Any CPU
		{5F4249C6-76B9-4C5E-9C8B-3DE32568A7A5}.Release|Any CPU.Build.0 = Release|Any CPU
	EndGlobalSection
	GlobalSection(SolutionProperties) = preSolution
		HideSolutionNode = FALSE
	EndGlobalSection
	GlobalSection(ExtensibilityGlobals) = postSolution
		SolutionGuid = {45CC037A-0C54-449C-864F-393BAEB0E711}
	EndGlobalSection
EndGlobal
